
Microsoft Visual Studio Solution File, Format Version 12.00
# Visual Studio Version 17
VisualStudioVersion = 17.6.33815.320
MinimumVisualStudioVersion = 10.0.40219.1
Project("{FAE04EC0-301F-11D3-BF4B-00C04F79EFBC}") = "Proj.Web", "Proj.Web\Proj.Web.csproj", "{2F90B89F-E235-4AA3-AE17-2FB492462AD6}"
EndProject
Project("{FAE04EC0-301F-11D3-BF4B-00C04F79EFBC}") = "Proj.Models", "Proj.Models\Proj.Models.csproj", "{CB0A58C8-80B2-41A2-824D-BDE92F30F5E2}"
EndProject
Project("{FAE04EC0-301F-11D3-BF4B-00C04F79EFBC}") = "Proj.DataAccess", "Proj.DataAccess\Proj.DataAccess.csproj", "{134A3866-71ED-4B81-B0E7-B68E35E80ACD}"
EndProject
Project("{FAE04EC0-301F-11D3-BF4B-00C04F79EFBC}") = "Proj.Utility", "Proj.Utility\Proj.Utility.csproj", "{0498738B-ED0D-4A76-AA3C-EA0A3D9BF78F}"
EndProject
Global
	GlobalSection(SolutionConfigurationPlatforms) = preSolution
		Debug|Any CPU = Debug|Any CPU
		Release|Any CPU = Release|Any CPU
	EndGlobalSection
	GlobalSection(ProjectConfigurationPlatforms) = postSolution
		{2F90B89F-E235-4AA3-AE17-2FB492462AD6}.Debug|Any CPU.ActiveCfg = Debug|Any CPU
		{2F90B89F-E235-4AA3-AE17-2FB492462AD6}.Debug|Any CPU.Build.0 = Debug|Any CPU
		{2F90B89F-E235-4AA3-AE17-2FB492462AD6}.Release|Any CPU.ActiveCfg = Release|Any CPU
		{2F90B89F-E235-4AA3-AE17-2FB492462AD6}.Release|Any CPU.Build.0 = Release|Any CPU
		{CB0A58C8-80B2-41A2-824D-BDE92F30F5E2}.Debug|Any CPU.ActiveCfg = Debug|Any CPU
		{CB0A58C8-80B2-41A2-824D-BDE92F30F5E2}.Debug|Any CPU.Build.0 = Debug|Any CPU
		{CB0A58C8-80B2-41A2-824D-BDE92F30F5E2}.Release|Any CPU.ActiveCfg = Release|Any CPU
		{CB0A58C8-80B2-41A2-824D-BDE92F30F5E2}.Release|Any CPU.Build.0 = Release|Any CPU
		{134A3866-71ED-4B81-B0E7-B68E35E80ACD}.Debug|Any CPU.ActiveCfg = Debug|Any CPU
		{134A3866-71ED-4B81-B0E7-B68E35E80ACD}.Debug|Any CPU.Build.0 = Debug|Any CPU
		{134A3866-71ED-4B81-B0E7-B68E35E80ACD}.Release|Any CPU.ActiveCfg = Release|Any CPU
		{134A3866-71ED-4B81-B0E7-B68E35E80ACD}.Release|Any CPU.Build.0 = Release|Any CPU
		{0498738B-ED0D-4A76-AA3C-EA0A3D9BF78F}.Debug|Any CPU.ActiveCfg = Debug|Any CPU
		{0498738B-ED0D-4A76-AA3C-EA0A3D9BF78F}.Debug|Any CPU.Build.0 = Debug|Any CPU
		{0498738B-ED0D-4A76-AA3C-EA0A3D9BF78F}.Release|Any CPU.ActiveCfg = Release|Any CPU
		{0498738B-ED0D-4A76-AA3C-EA0A3D9BF78F}.Release|Any CPU.Build.0 = Release|Any CPU
	EndGlobalSection
	GlobalSection(SolutionProperties) = preSolution
		HideSolutionNode = FALSE
	EndGlobalSection
	GlobalSection(ExtensibilityGlobals) = postSolution
		SolutionGuid = {23B12133-C141-4586-ABB1-D76D4B770B3B}
	EndGlobalSection
EndGlobal
